
Microsoft Visual Studio Solution File, Format Version 12.00
# Visual Studio Version 16
VisualStudioVersion = 16.0.30114.105
MinimumVisualStudioVersion = 10.0.40219.1
Project("{FAE04EC0-301F-11D3-BF4B-00C04F79EFBC}") = "client", "Client\client.csproj", "{6CE5F2A2-B999-46D1-99F5-564DE1DACCB0}"
EndProject
Project("{FAE04EC0-301F-11D3-BF4B-00C04F79EFBC}") = "Server", "Server\Server.csproj", "{E6566F76-50A5-447F-AA07-5127A25E0523}"
EndProject
Project("{FAE04EC0-301F-11D3-BF4B-00C04F79EFBC}") = "Library", "Library\Library.csproj", "{D9CE7C11-EE85-4CE5-82A1-1BE9050363D4}"
EndProject
Global
	GlobalSection(SolutionConfigurationPlatforms) = preSolution
		Debug|Any CPU = Debug|Any CPU
		Release|Any CPU = Release|Any CPU
	EndGlobalSection
	GlobalSection(SolutionProperties) = preSolution
		HideSolutionNode = FALSE
	EndGlobalSection
	GlobalSection(ProjectConfigurationPlatforms) = postSolution
		{6CE5F2A2-B999-46D1-99F5-564DE1DACCB0}.Debug|Any CPU.ActiveCfg = Debug|Any CPU
		{6CE5F2A2-B999-46D1-99F5-564DE1DACCB0}.Debug|Any CPU.Build.0 = Debug|Any CPU
		{6CE5F2A2-B999-46D1-99F5-564DE1DACCB0}.Release|Any CPU.ActiveCfg = Release|Any CPU
		{6CE5F2A2-B999-46D1-99F5-564DE1DACCB0}.Release|Any CPU.Build.0 = Release|Any CPU
		{E6566F76-50A5-447F-AA07-5127A25E0523}.Debug|Any CPU.ActiveCfg = Debug|Any CPU
		{E6566F76-50A5-447F-AA07-5127A25E0523}.Debug|Any CPU.Build.0 = Debug|Any CPU
		{E6566F76-50A5-447F-AA07-5127A25E0523}.Release|Any CPU.ActiveCfg = Release|Any CPU
		{E6566F76-50A5-447F-AA07-5127A25E0523}.Release|Any CPU.Build.0 = Release|Any CPU
		{D9CE7C11-EE85-4CE5-82A1-1BE9050363D4}.Debug|Any CPU.ActiveCfg = Debug|Any CPU
		{D9CE7C11-EE85-4CE5-82A1-1BE9050363D4}.Debug|Any CPU.Build.0 = Debug|Any CPU
		{D9CE7C11-EE85-4CE5-82A1-1BE9050363D4}.Release|Any CPU.ActiveCfg = Release|Any CPU
		{D9CE7C11-EE85-4CE5-82A1-1BE9050363D4}.Release|Any CPU.Build.0 = Release|Any CPU
	EndGlobalSection
EndGlobal
